{
  "nodes": {
    "nixpkgs": {
      "locked": {
        "lastModified": 1647110901,
        "narHash": "sha256-NQ8Hk9qbJ4RRfjZLjv0oU6NBZ06kj5GKC1JMcyQOAMM=",
        "owner": "nixos",
        "repo": "nixpkgs",
        "rev": "c6c92e64428157fbebbfe5868d5d01c9befae987",
        "type": "github"
      },
      "original": {
        "owner": "nixos",
        "repo": "nixpkgs",
        "type": "github"
      }
    },
    "root": {
      "inputs": {
        "nixpkgs": "nixpkgs",
        "utils": "utils"
      }
    },
    "utils": {
      "locked": {
        "lastModified": 1637014545,
        "narHash": "sha256-26IZAc5yzlD9FlDT54io1oqG/bBoyka+FJk5guaX4x4=",
        "owner": "numtide",
        "repo": "flake-utils",
        "rev": "bba5dcc8e0b20ab664967ad83d24d64cb64ec4f4",
        "type": "github"
      },
      "original": {
        "owner": "numtide",
        "repo": "flake-utils",
        "type": "github"
      }
    }
  },
  "root": "root",
  "version": 7
}
